<?xml version="1.0" encoding="utf-8"?>
<Project ToolsVersion="4.0" xmlns="http://schemas.microsoft.com/developer/msbuild/2003">
  <ItemGroup>
    <Filter Include="win32">
      <UniqueIdentifier>{84a8ebd7-7cf0-47f6-b75e-d441df67da40}</UniqueIdentifier>
    </Filter>
    <Filter Include="resource">
      <UniqueIdentifier>{715254bc-d70b-4ec5-bf29-467dd3ace079}</UniqueIdentifier>
    </Filter>
    <Filter Include="src">
      <UniqueIdentifier>{bb6c862e-70e9-49d9-81b7-3829a6f50471}</UniqueIdentifier>
    </Filter>
  </ItemGroup>
  <ItemGroup>
    <ClCompile Include="main.cpp">
      <Filter>win32</Filter>
    </ClCompile>
    <ClCompile Include="..\Classes\AppDelegate.cpp">
      <Filter>src</Filter>
    </ClCompile>
    <ClCompile Include="..\Classes\MD5.cpp">
      <Filter>src</Filter>
    </ClCompile>
    <ClCompile Include="..\Classes\SelectHeroScene.cpp">
      <Filter>src</Filter>
    </ClCompile>
    <ClCompile Include="..\Classes\SelectSaveComfirmLayer.cpp">
      <Filter>src</Filter>
    </ClCompile>
    <ClCompile Include="..\Classes\SelectSaveLayer.cpp">
      <Filter>src</Filter>
    </ClCompile>
    <ClCompile Include="..\Classes\SepcialNpcLayer.cpp">
      <Filter>src</Filter>
    </ClCompile>
    <ClCompile Include="..\Classes\ServerDataSwap.cpp">
      <Filter>src</Filter>
    </ClCompile>
    <ClCompile Include="..\Classes\SettingLayer.cpp">
      <Filter>src</Filter>
    </ClCompile>
    <ClCompile Include="..\Classes\Shake.cpp">
      <Filter>src</Filter>
    </ClCompile>
    <ClCompile Include="..\Classes\ShopLayer.cpp">
      <Filter>src</Filter>
    </ClCompile>
    <ClCompile Include="..\Classes\SoundManager.cpp">
      <Filter>src</Filter>
    </ClCompile>
    <ClCompile Include="..\Classes\SpecialHintLayer.cpp">
      <Filter>src</Filter>
    </ClCompile>
    <ClCompile Include="..\Classes\StartScene.cpp">
      <Filter>src</Filter>
    </ClCompile>
    <ClCompile Include="..\Classes\StorageRoom.cpp">
      <Filter>src</Filter>
    </ClCompile>
    <ClCompile Include="..\Classes\StorageUILayer.cpp">
      <Filter>src</Filter>
    </ClCompile>
    <ClCompile Include="..\Classes\StoryScene.cpp">
      <Filter>src</Filter>
    </ClCompile>
    <ClCompile Include="..\Classes\SysSmallBox.cpp">
      <Filter>src</Filter>
    </ClCompile>
    <ClCompile Include="..\Classes\TempStorageLayer.cpp">
      <Filter>src</Filter>
    </ClCompile>
    <ClCompile Include="..\Classes\TimeGiftLayer.cpp">
      <Filter>src</Filter>
    </ClCompile>
    <ClCompile Include="..\Classes\TopBar.cpp">
      <Filter>src</Filter>
    </ClCompile>
    <ClCompile Include="..\Classes\UIScroll.cpp">
      <Filter>src</Filter>
    </ClCompile>
    <ClCompile Include="..\Classes\UnlockLayer.cpp">
      <Filter>src</Filter>
    </ClCompile>
    <ClCompile Include="..\Classes\VipGoodsItem.cpp">
      <Filter>src</Filter>
    </ClCompile>
    <ClCompile Include="..\Classes\VipShopLayer.cpp">
      <Filter>src</Filter>
    </ClCompile>
    <ClCompile Include="..\Classes\WaitingProgress.cpp">
      <Filter>src</Filter>
    </ClCompile>
    <ClCompile Include="..\Classes\WineMaker.cpp">
      <Filter>src</Filter>
    </ClCompile>
    <ClCompile Include="..\Classes\WineTable.cpp">
      <Filter>src</Filter>
    </ClCompile>
    <ClCompile Include="..\Classes\Winlayer.cpp">
      <Filter>src</Filter>
    </ClCompile>
    <ClCompile Include="..\Classes\JhAchiveDoneAnimLayer.cpp">
      <Filter>src</Filter>
    </ClCompile>
    <ClCompile Include="..\Classes\JhAchiveLayer.cpp">
      <Filter>src</Filter>
    </ClCompile>
    <ClCompile Include="..\Classes\JhActionGetLayer.cpp">
      <Filter>src</Filter>
    </ClCompile>
    <ClCompile Include="..\Classes\JhActivitScene.cpp">
      <Filter>src</Filter>
    </ClCompile>
    <ClCompile Include="..\Classes\JhAddFightCountLayer.cpp">
      <Filter>src</Filter>
    </ClCompile>
    <ClCompile Include="..\Classes\JhAnalyticUtil.cpp">
      <Filter>src</Filter>
    </ClCompile>
    <ClCompile Include="..\Classes\JhApprenticeScene.cpp">
      <Filter>src</Filter>
    </ClCompile>
    <ClCompile Include="..\Classes\JhBed.cpp">
      <Filter>src</Filter>
    </ClCompile>
    <ClCompile Include="..\Classes\JhBookDetailsLayer.cpp">
      <Filter>src</Filter>
    </ClCompile>
    <ClCompile Include="..\Classes\JhBookShelf.cpp">
      <Filter>src</Filter>
    </ClCompile>
    <ClCompile Include="..\Classes\JhBookShelfLayer.cpp">
      <Filter>src</Filter>
    </ClCompile>
    <ClCompile Include="..\Classes\JhBranchMissionLayer.cpp">
      <Filter>src</Filter>
    </ClCompile>
    <ClCompile Include="..\Classes\JhBuilding.cpp">
      <Filter>src</Filter>
    </ClCompile>
    <ClCompile Include="..\Classes\JhBuildingDetailsLayer.cpp">
      <Filter>src</Filter>
    </ClCompile>
    <ClCompile Include="..\Classes\JhBuildingUILayer.cpp">
      <Filter>src</Filter>
    </ClCompile>
    <ClCompile Include="..\Classes\JhBuyComfirmLayer.cpp">
      <Filter>src</Filter>
    </ClCompile>
    <ClCompile Include="..\Classes\JhBuyDetailsLayer.cpp">
      <Filter>src</Filter>
    </ClCompile>
    <ClCompile Include="..\Classes\JhBuyOrangeGFLayer.cpp">
      <Filter>src</Filter>
    </ClCompile>
    <ClCompile Include="..\Classes\JhCannotTouchLayer.cpp">
      <Filter>src</Filter>
    </ClCompile>
    <ClCompile Include="..\Classes\JhChallengeCountLayer.cpp">
      <Filter>src</Filter>
    </ClCompile>
    <ClCompile Include="..\Classes\JhComfirmSaveLayer.cpp">
      <Filter>src</Filter>
    </ClCompile>
    <ClCompile Include="..\Classes\JhCommonFuncs.cpp">
      <Filter>src</Filter>
    </ClCompile>
    <ClCompile Include="..\Classes\JhCookTable.cpp">
      <Filter>src</Filter>
    </ClCompile>
    <ClCompile Include="..\Classes\JhDataBase64.cpp">
      <Filter>src</Filter>
    </ClCompile>
    <ClCompile Include="..\Classes\JhDeathLayer.cpp">
      <Filter>src</Filter>
    </ClCompile>
    <ClCompile Include="..\Classes\JhDivideLayer.cpp">
      <Filter>src</Filter>
    </ClCompile>
    <ClCompile Include="..\Classes\JhExchangeLayer.cpp">
      <Filter>src</Filter>
    </ClCompile>
    <ClCompile Include="..\Classes\JhExerciseCancelLayer.cpp">
      <Filter>src</Filter>
    </ClCompile>
    <ClCompile Include="..\Classes\JhExerciseDoneLayer.cpp">
      <Filter>src</Filter>
    </ClCompile>
    <ClCompile Include="..\Classes\JhExerciseRoom.cpp">
      <Filter>src</Filter>
    </ClCompile>
    <ClCompile Include="..\Classes\JhFactionComfirmLayer.cpp">
      <Filter>src</Filter>
    </ClCompile>
    <ClCompile Include="..\Classes\JhFactionCreateLayer.cpp">
      <Filter>src</Filter>
    </ClCompile>
    <ClCompile Include="..\Classes\JhFactionDetailsLayer.cpp">
      <Filter>src</Filter>
    </ClCompile>
    <ClCompile Include="..\Classes\JhFactionKickComfirmLayer.cpp">
      <Filter>src</Filter>
    </ClCompile>
    <ClCompile Include="..\Classes\JhFactionMainLayer.cpp">
      <Filter>src</Filter>
    </ClCompile>
    <ClCompile Include="..\Classes\JhFactionMemberLayer.cpp">
      <Filter>src</Filter>
    </ClCompile>
    <ClCompile Include="..\Classes\JhFence.cpp">
      <Filter>src</Filter>
    </ClCompile>
    <ClCompile Include="..\Classes\JhFightLayer.cpp">
      <Filter>src</Filter>
    </ClCompile>
    <ClCompile Include="..\Classes\JhForgingtable.cpp">
      <Filter>src</Filter>
    </ClCompile>
    <ClCompile Include="..\Classes\JhFriendExgScene.cpp">
      <Filter>src</Filter>
    </ClCompile>
    <ClCompile Include="..\Classes\JhFriendNpcScene.cpp">
      <Filter>src</Filter>
    </ClCompile>
    <ClCompile Include="..\Classes\JhFrozenLayer.cpp">
      <Filter>src</Filter>
    </ClCompile>
    <ClCompile Include="..\Classes\JhFurnace.cpp">
      <Filter>src</Filter>
    </ClCompile>
    <ClCompile Include="..\Classes\JhGameDataSave.cpp">
      <Filter>src</Filter>
    </ClCompile>
    <ClCompile Include="..\Classes\JhGameScene.cpp">
      <Filter>src</Filter>
    </ClCompile>
    <ClCompile Include="..\Classes\JhGetVipRewardLayer.cpp">
      <Filter>src</Filter>
    </ClCompile>
    <ClCompile Include="..\Classes\JhGiveLayer.cpp">
      <Filter>src</Filter>
    </ClCompile>
    <ClCompile Include="..\Classes\JhGlobalData.cpp">
      <Filter>src</Filter>
    </ClCompile>
    <ClCompile Include="..\Classes\JhGoldGoodItem.cpp">
      <Filter>src</Filter>
    </ClCompile>
    <ClCompile Include="..\Classes\JhGoWhereLayer.cpp">
      <Filter>src</Filter>
    </ClCompile>
    <ClCompile Include="..\Classes\JhHelpDescLayer.cpp">
      <Filter>src</Filter>
    </ClCompile>
    <ClCompile Include="..\Classes\JhHelpMainLayer.cpp">
      <Filter>src</Filter>
    </ClCompile>
    <ClCompile Include="..\Classes\JhHero.cpp">
      <Filter>src</Filter>
    </ClCompile>
    <ClCompile Include="..\Classes\JhHeroProperNode.cpp">
      <Filter>src</Filter>
    </ClCompile>
    <ClCompile Include="..\Classes\JhHeroStateUILayer.cpp">
      <Filter>src</Filter>
    </ClCompile>
    <ClCompile Include="..\Classes\JhHintBox.cpp">
      <Filter>src</Filter>
    </ClCompile>
    <ClCompile Include="..\Classes\JhHomeHill.cpp">
      <Filter>src</Filter>
    </ClCompile>
    <ClCompile Include="..\Classes\JhHomeLayer.cpp">
      <Filter>src</Filter>
    </ClCompile>
    <ClCompile Include="..\Classes\JhHSLJMainLayer.cpp">
      <Filter>src</Filter>
    </ClCompile>
    <ClCompile Include="..\Classes\JhHSLJRankLayer.cpp">
      <Filter>src</Filter>
    </ClCompile>
    <ClCompile Include="..\Classes\JhHSLJRewardDescLayer.cpp">
      <Filter>src</Filter>
    </ClCompile>
    <ClCompile Include="..\Classes\JhHSLJRewardLayer.cpp">
      <Filter>src</Filter>
    </ClCompile>
    <ClCompile Include="..\Classes\JhHttpUtil.cpp">
      <Filter>src</Filter>
    </ClCompile>
    <ClCompile Include="..\Classes\JhHuafeiAwardListLayer.cpp">
      <Filter>src</Filter>
    </ClCompile>
    <ClCompile Include="..\Classes\json.cpp">
      <Filter>src</Filter>
    </ClCompile>
    <ClCompile Include="..\Classes\JhLoginRewardLayer.cpp">
      <Filter>src</Filter>
    </ClCompile>
    <ClCompile Include="..\Classes\JhMapLayer.cpp">
      <Filter>src</Filter>
    </ClCompile>
    <ClCompile Include="..\Classes\JhMatchFightLayer.cpp">
      <Filter>src</Filter>
    </ClCompile>
    <ClCompile Include="..\Classes\JhMatchFightResultLayer.cpp">
      <Filter>src</Filter>
    </ClCompile>
    <ClCompile Include="..\Classes\JhMedicineKit.cpp">
      <Filter>src</Filter>
    </ClCompile>
    <ClCompile Include="..\Classes\JhMixGFDoneLayer.cpp">
      <Filter>src</Filter>
    </ClCompile>
    <ClCompile Include="..\Classes\JhMixGFNode.cpp">
      <Filter>src</Filter>
    </ClCompile>
    <ClCompile Include="..\Classes\JhMixSuggestLayer.cpp">
      <Filter>src</Filter>
    </ClCompile>
    <ClCompile Include="..\Classes\JhMyActionProgressTimer.cpp">
      <Filter>src</Filter>
    </ClCompile>
    <ClCompile Include="..\Classes\JhMyMenu.cpp">
      <Filter>src</Filter>
    </ClCompile>
    <ClCompile Include="..\Classes\JhMyPackage.cpp">
      <Filter>src</Filter>
    </ClCompile>
    <ClCompile Include="..\Classes\JhMyParticle.cpp">
      <Filter>src</Filter>
    </ClCompile>
    <ClCompile Include="..\Classes\JhNature.cpp">
      <Filter>src</Filter>
    </ClCompile>
    <ClCompile Include="..\Classes\JhNewerGuide2Layer.cpp">
      <Filter>src</Filter>
    </ClCompile>
    <ClCompile Include="..\Classes\JhNewerGuideLayer.cpp">
      <Filter>src</Filter>
    </ClCompile>
    <ClCompile Include="..\Classes\JhNoticeLayer.cpp">
      <Filter>src</Filter>
    </ClCompile>
    <ClCompile Include="..\Classes\JhNpcLayer.cpp">
      <Filter>src</Filter>
    </ClCompile>
    <ClCompile Include="..\Classes\JhNpcTalkLayer.cpp">
      <Filter>src</Filter>
    </ClCompile>
    <ClCompile Include="..\Classes\JhOutDoor.cpp">
      <Filter>src</Filter>
    </ClCompile>
    <ClCompile Include="..\Classes\JhPauseLayer.cpp">
      <Filter>src</Filter>
    </ClCompile>
    <ClCompile Include="..\Classes\JhPaySelectLayer.cpp">
      <Filter>src</Filter>
    </ClCompile>
    <ClCompile Include="..\Classes\JhPlayerChallengeLayer.cpp">
      <Filter>src</Filter>
    </ClCompile>
    <ClCompile Include="..\Classes\JhPlayerChallengeResultLayer.cpp">
      <Filter>src</Filter>
    </ClCompile>
    <ClCompile Include="..\Classes\JhPrizeLayer.cpp">
      <Filter>src</Filter>
    </ClCompile>
    <ClCompile Include="..\Classes\JhPromotionLayer.cpp">
      <Filter>src</Filter>
    </ClCompile>
    <ClCompile Include="..\Classes\JhRaffleLayer.cpp">
      <Filter>src</Filter>
    </ClCompile>
    <ClCompile Include="..\Classes\JhRaffleResultLayer.cpp">
      <Filter>src</Filter>
    </ClCompile>
    <ClCompile Include="..\Classes\JhRankLayer.cpp">
      <Filter>src</Filter>
    </ClCompile>
    <ClCompile Include="..\Classes\JhRechargeLayer.cpp">
      <Filter>src</Filter>
    </ClCompile>
    <ClCompile Include="..\Classes\JhRelationLayer.cpp">
      <Filter>src</Filter>
    </ClCompile>
    <ClCompile Include="..\Classes\JhRepairLayer.cpp">
      <Filter>src</Filter>
    </ClCompile>
    <ClCompile Include="..\Classes\JhRepairOKLayer.cpp">
      <Filter>src</Filter>
    </ClCompile>
    <ClCompile Include="..\Classes\JhResDetailsLayer.cpp">
      <Filter>src</Filter>
    </ClCompile>
    <ClCompile Include="..\Classes\JhReviveLayer.cpp">
      <Filter>src</Filter>
    </ClCompile>
    <ClCompile Include="..\Classes\JhRmbGoodsItem.cpp">
      <Filter>src</Filter>
    </ClCompile>
    <ClCompile Include="..\Classes\JhRollDiceLayer.cpp">
      <Filter>src</Filter>
    </ClCompile>
  </ItemGroup>
  <ItemGroup>
    <ClInclude Include="main.h">
      <Filter>win32</Filter>
    </ClInclude>
    <ClInclude Include="..\Classes\AppDelegate.h">
      <Filter>src</Filter>
    </ClInclude>
    <ClInclude Include="..\Classes\MD5.h">
      <Filter>src</Filter>
    </ClInclude>
    <ClInclude Include="..\Classes\SelectHeroScene.h">
      <Filter>src</Filter>
    </ClInclude>
    <ClInclude Include="..\Classes\SelectSaveComfirmLayer.h">
      <Filter>src</Filter>
    </ClInclude>
    <ClInclude Include="..\Classes\SelectSaveLayer.h">
      <Filter>src</Filter>
    </ClInclude>
    <ClInclude Include="..\Classes\SepcialNpcLayer.h">
      <Filter>src</Filter>
    </ClInclude>
    <ClInclude Include="..\Classes\ServerDataSwap.h">
      <Filter>src</Filter>
    </ClInclude>
    <ClInclude Include="..\Classes\SettingLayer.h">
      <Filter>src</Filter>
    </ClInclude>
    <ClInclude Include="..\Classes\Shake.h">
      <Filter>src</Filter>
    </ClInclude>
    <ClInclude Include="..\Classes\ShopLayer.h">
      <Filter>src</Filter>
    </ClInclude>
    <ClInclude Include="..\Classes\SoundManager.h">
      <Filter>src</Filter>
    </ClInclude>
    <ClInclude Include="..\Classes\SpecialHintLayer.h">
      <Filter>src</Filter>
    </ClInclude>
    <ClInclude Include="..\Classes\StartScene.h">
      <Filter>src</Filter>
    </ClInclude>
    <ClInclude Include="..\Classes\StorageRoom.h">
      <Filter>src</Filter>
    </ClInclude>
    <ClInclude Include="..\Classes\StorageUILayer.h">
      <Filter>src</Filter>
    </ClInclude>
    <ClInclude Include="..\Classes\StoryScene.h">
      <Filter>src</Filter>
    </ClInclude>
    <ClInclude Include="..\Classes\SysSmallBox.h">
      <Filter>src</Filter>
    </ClInclude>
    <ClInclude Include="..\Classes\TempStorageLayer.h">
      <Filter>src</Filter>
    </ClInclude>
    <ClInclude Include="..\Classes\TimeGiftLayer.h">
      <Filter>src</Filter>
    </ClInclude>
    <ClInclude Include="..\Classes\TopBar.h">
      <Filter>src</Filter>
    </ClInclude>
    <ClInclude Include="..\Classes\UIScroll.h">
      <Filter>src</Filter>
    </ClInclude>
    <ClInclude Include="..\Classes\UnlockLayer.h">
      <Filter>src</Filter>
    </ClInclude>
    <ClInclude Include="..\Classes\Utility.h">
      <Filter>src</Filter>
    </ClInclude>
    <ClInclude Include="..\Classes\VipGoodsItem.h">
      <Filter>src</Filter>
    </ClInclude>
    <ClInclude Include="..\Classes\VipShopLayer.h">
      <Filter>src</Filter>
    </ClInclude>
    <ClInclude Include="..\Classes\WaitingProgress.h">
      <Filter>src</Filter>
    </ClInclude>
    <ClInclude Include="..\Classes\WineMaker.h">
      <Filter>src</Filter>
    </ClInclude>
    <ClInclude Include="..\Classes\WineTable.h">
      <Filter>src</Filter>
    </ClInclude>
    <ClInclude Include="..\Classes\Winlayer.h">
      <Filter>src</Filter>
    </ClInclude>
    <ClInclude Include="..\Classes\JhAchiveDoneAnimLayer.h">
      <Filter>src</Filter>
    </ClInclude>
    <ClInclude Include="..\Classes\JhAchiveLayer.h">
      <Filter>src</Filter>
    </ClInclude>
    <ClInclude Include="..\Classes\JhActionGetLayer.h">
      <Filter>src</Filter>
    </ClInclude>
    <ClInclude Include="..\Classes\JhActivitScene.h">
      <Filter>src</Filter>
    </ClInclude>
    <ClInclude Include="..\Classes\JhAddFightCountLayer.h">
      <Filter>src</Filter>
    </ClInclude>
    <ClInclude Include="..\Classes\JhAnalyticUtil.h">
      <Filter>src</Filter>
    </ClInclude>
    <ClInclude Include="..\Classes\JhApprenticeScene.h">
      <Filter>src</Filter>
    </ClInclude>
    <ClInclude Include="..\Classes\JhBed.h">
      <Filter>src</Filter>
    </ClInclude>
    <ClInclude Include="..\Classes\JhBookDetailsLayer.h">
      <Filter>src</Filter>
    </ClInclude>
    <ClInclude Include="..\Classes\JhBookShelf.h">
      <Filter>src</Filter>
    </ClInclude>
    <ClInclude Include="..\Classes\JhBookShelfLayer.h">
      <Filter>src</Filter>
    </ClInclude>
    <ClInclude Include="..\Classes\JhBranchMissionLayer.h">
      <Filter>src</Filter>
    </ClInclude>
    <ClInclude Include="..\Classes\JhBuilding.h">
      <Filter>src</Filter>
    </ClInclude>
    <ClInclude Include="..\Classes\JhBuildingDetailsLayer.h">
      <Filter>src</Filter>
    </ClInclude>
    <ClInclude Include="..\Classes\JhBuildingUILayer.h">
      <Filter>src</Filter>
    </ClInclude>
    <ClInclude Include="..\Classes\JhBuyComfirmLayer.h">
      <Filter>src</Filter>
    </ClInclude>
    <ClInclude Include="..\Classes\JhBuyDetailsLayer.h">
      <Filter>src</Filter>
    </ClInclude>
    <ClInclude Include="..\Classes\JhBuyOrangeGFLayer.h">
      <Filter>src</Filter>
    </ClInclude>
    <ClInclude Include="..\Classes\JhCannotTouchLayer.h">
      <Filter>src</Filter>
    </ClInclude>
    <ClInclude Include="..\Classes\JhChallengeCountLayer.h">
      <Filter>src</Filter>
    </ClInclude>
    <ClInclude Include="..\Classes\JhComfirmSaveLayer.h">
      <Filter>src</Filter>
    </ClInclude>
    <ClInclude Include="..\Classes\JhCommonFuncs.h">
      <Filter>src</Filter>
    </ClInclude>
    <ClInclude Include="..\Classes\JhConst.h">
      <Filter>src</Filter>
    </ClInclude>
    <ClInclude Include="..\Classes\JhCookTable.h">
      <Filter>src</Filter>
    </ClInclude>
    <ClInclude Include="..\Classes\JhDataBase64.h">
      <Filter>src</Filter>
    </ClInclude>
    <ClInclude Include="..\Classes\JhDeathLayer.h">
      <Filter>src</Filter>
    </ClInclude>
    <ClInclude Include="..\Classes\JhDivideLayer.h">
      <Filter>src</Filter>
    </ClInclude>
    <ClInclude Include="..\Classes\JhExchangeLayer.h">
      <Filter>src</Filter>
    </ClInclude>
    <ClInclude Include="..\Classes\JhExerciseCancelLayer.h">
      <Filter>src</Filter>
    </ClInclude>
    <ClInclude Include="..\Classes\JhExerciseDoneLayer.h">
      <Filter>src</Filter>
    </ClInclude>
    <ClInclude Include="..\Classes\JhExerciseRoom.h">
      <Filter>src</Filter>
    </ClInclude>
    <ClInclude Include="..\Classes\JhFactionComfirmLayer.h">
      <Filter>src</Filter>
    </ClInclude>
    <ClInclude Include="..\Classes\JhFactionCreateLayer.h">
      <Filter>src</Filter>
    </ClInclude>
    <ClInclude Include="..\Classes\JhFactionDetailsLayer.h">
      <Filter>src</Filter>
    </ClInclude>
    <ClInclude Include="..\Classes\JhFactionKickComfirmLayer.h">
      <Filter>src</Filter>
    </ClInclude>
    <ClInclude Include="..\Classes\JhFactionMainLayer.h">
      <Filter>src</Filter>
    </ClInclude>
    <ClInclude Include="..\Classes\JhFactionMemberLayer.h">
      <Filter>src</Filter>
    </ClInclude>
    <ClInclude Include="..\Classes\JhFence.h">
      <Filter>src</Filter>
    </ClInclude>
    <ClInclude Include="..\Classes\JhFightLayer.h">
      <Filter>src</Filter>
    </ClInclude>
    <ClInclude Include="..\Classes\JhForgingtable.h">
      <Filter>src</Filter>
    </ClInclude>
    <ClInclude Include="..\Classes\JhFriendExgScene.h">
      <Filter>src</Filter>
    </ClInclude>
    <ClInclude Include="..\Classes\JhFriendNpcScene.h">
      <Filter>src</Filter>
    </ClInclude>
    <ClInclude Include="..\Classes\JhFrozenLayer.h">
      <Filter>src</Filter>
    </ClInclude>
    <ClInclude Include="..\Classes\JhFurnace.h">
      <Filter>src</Filter>
    </ClInclude>
    <ClInclude Include="..\Classes\JhGameDataSave.h">
      <Filter>src</Filter>
    </ClInclude>
    <ClInclude Include="..\Classes\JhGameScene.h">
      <Filter>src</Filter>
    </ClInclude>
    <ClInclude Include="..\Classes\JhGetVipRewardLayer.h">
      <Filter>src</Filter>
    </ClInclude>
    <ClInclude Include="..\Classes\JhGiveLayer.h">
      <Filter>src</Filter>
    </ClInclude>
    <ClInclude Include="..\Classes\JhGlobalData.h">
      <Filter>src</Filter>
    </ClInclude>
    <ClInclude Include="..\Classes\JhGoldGoodItem.h">
      <Filter>src</Filter>
    </ClInclude>
    <ClInclude Include="..\Classes\JhGoWhereLayer.h">
      <Filter>src</Filter>
    </ClInclude>
    <ClInclude Include="..\Classes\JhHelpDescLayer.h">
      <Filter>src</Filter>
    </ClInclude>
    <ClInclude Include="..\Classes\JhHelpMainLayer.h">
      <Filter>src</Filter>
    </ClInclude>
    <ClInclude Include="..\Classes\JhHero.h">
      <Filter>src</Filter>
    </ClInclude>
    <ClInclude Include="..\Classes\JhHeroProperNode.h">
      <Filter>src</Filter>
    </ClInclude>
    <ClInclude Include="..\Classes\JhHeroStateUILayer.h">
      <Filter>src</Filter>
    </ClInclude>
    <ClInclude Include="..\Classes\JhHintBox.h">
      <Filter>src</Filter>
    </ClInclude>
    <ClInclude Include="..\Classes\JhHomeHill.h">
      <Filter>src</Filter>
    </ClInclude>
    <ClInclude Include="..\Classes\JhHomeLayer.h">
      <Filter>src</Filter>
    </ClInclude>
    <ClInclude Include="..\Classes\JhHSLJMainLayer.h">
      <Filter>src</Filter>
    </ClInclude>
    <ClInclude Include="..\Classes\JhHSLJRankLayer.h">
      <Filter>src</Filter>
    </ClInclude>
    <ClInclude Include="..\Classes\JhHSLJRewardDescLayer.h">
      <Filter>src</Filter>
    </ClInclude>
    <ClInclude Include="..\Classes\JhHSLJRewardLayer.h">
      <Filter>src</Filter>
    </ClInclude>
    <ClInclude Include="..\Classes\JhHttpUtil.h">
      <Filter>src</Filter>
    </ClInclude>
    <ClInclude Include="..\Classes\JhHuafeiAwardListLayer.h">
      <Filter>src</Filter>
    </ClInclude>
    <ClInclude Include="..\Classes\json.h">
      <Filter>src</Filter>
    </ClInclude>
    <ClInclude Include="..\Classes\JhLoginRewardLayer.h">
      <Filter>src</Filter>
    </ClInclude>
    <ClInclude Include="..\Classes\JhMapLayer.h">
      <Filter>src</Filter>
    </ClInclude>
    <ClInclude Include="..\Classes\JhMatchFightLayer.h">
      <Filter>src</Filter>
    </ClInclude>
    <ClInclude Include="..\Classes\JhMatchFightResultLayer.h">
      <Filter>src</Filter>
    </ClInclude>
    <ClInclude Include="..\Classes\JhMedicineKit.h">
      <Filter>src</Filter>
    </ClInclude>
    <ClInclude Include="..\Classes\JhMixGFDoneLayer.h">
      <Filter>src</Filter>
    </ClInclude>
    <ClInclude Include="..\Classes\JhMixGFNode.h">
      <Filter>src</Filter>
    </ClInclude>
    <ClInclude Include="..\Classes\JhMixSuggestLayer.h">
      <Filter>src</Filter>
    </ClInclude>
    <ClInclude Include="..\Classes\JhMyActionProgressTimer.h">
      <Filter>src</Filter>
    </ClInclude>
    <ClInclude Include="..\Classes\JhMyMenu.h">
      <Filter>src</Filter>
    </ClInclude>
    <ClInclude Include="..\Classes\JhMyPackage.h">
      <Filter>src</Filter>
    </ClInclude>
    <ClInclude Include="..\Classes\JhMyParticle.h">
      <Filter>src</Filter>
    </ClInclude>
    <ClInclude Include="..\Classes\JhNature.h">
      <Filter>src</Filter>
    </ClInclude>
    <ClInclude Include="..\Classes\JhNewerGuide2Layer.h">
      <Filter>src</Filter>
    </ClInclude>
    <ClInclude Include="..\Classes\JhNewerGuideLayer.h">
      <Filter>src</Filter>
    </ClInclude>
    <ClInclude Include="..\Classes\JhNoticeLayer.h">
      <Filter>src</Filter>
    </ClInclude>
    <ClInclude Include="..\Classes\JhNpcLayer.h">
      <Filter>src</Filter>
    </ClInclude>
    <ClInclude Include="..\Classes\JhNpcTalkLayer.h">
      <Filter>src</Filter>
    </ClInclude>
    <ClInclude Include="..\Classes\JhOutDoor.h">
      <Filter>src</Filter>
    </ClInclude>
    <ClInclude Include="..\Classes\JhPauseLayer.h">
      <Filter>src</Filter>
    </ClInclude>
    <ClInclude Include="..\Classes\JhPaySelectLayer.h">
      <Filter>src</Filter>
    </ClInclude>
    <ClInclude Include="..\Classes\JhPlayerChallengeLayer.h">
      <Filter>src</Filter>
    </ClInclude>
    <ClInclude Include="..\Classes\JhPlayerChallengeResultLayer.h">
      <Filter>src</Filter>
    </ClInclude>
    <ClInclude Include="..\Classes\JhPrizeLayer.h">
      <Filter>src</Filter>
    </ClInclude>
    <ClInclude Include="..\Classes\JhPromotionLayer.h">
      <Filter>src</Filter>
    </ClInclude>
    <ClInclude Include="..\Classes\JhRaffleLayer.h">
      <Filter>src</Filter>
    </ClInclude>
    <ClInclude Include="..\Classes\JhRaffleResultLayer.h">
      <Filter>src</Filter>
    </ClInclude>
    <ClInclude Include="..\Classes\JhRankLayer.h">
      <Filter>src</Filter>
    </ClInclude>
    <ClInclude Include="..\Classes\JhRechargeLayer.h">
      <Filter>src</Filter>
    </ClInclude>
    <ClInclude Include="..\Classes\JhRelationLayer.h">
      <Filter>src</Filter>
    </ClInclude>
    <ClInclude Include="..\Classes\JhRepairLayer.h">
      <Filter>src</Filter>
    </ClInclude>
    <ClInclude Include="..\Classes\JhRepairOKLayer.h">
      <Filter>src</Filter>
    </ClInclude>
    <ClInclude Include="..\Classes\JhResDetailsLayer.h">
      <Filter>src</Filter>
    </ClInclude>
    <ClInclude Include="..\Classes\JhReviveLayer.h">
      <Filter>src</Filter>
    </ClInclude>
    <ClInclude Include="..\Classes\JhRmbGoodsItem.h">
      <Filter>src</Filter>
    </ClInclude>
    <ClInclude Include="..\Classes\JhRollDiceLayer.h">
      <Filter>src</Filter>
    </ClInclude>
  </ItemGroup>
  <ItemGroup>
    <ResourceCompile Include="game.rc">
      <Filter>resource</Filter>
    </ResourceCompile>
  </ItemGroup>
</Project>